{
  "version": 4,
  "terraform_version": "1.5.7",
  "serial": 41,
  "lineage": "19739d70-7686-3f07-625d-07dc650542ef",
  "outputs": {
    "public_ip": {
      "value": "104.197.156.78",
      "type": "string"
    }
  },
  "resources": [
    {
      "mode": "managed",
      "type": "google_compute_firewall",
      "name": "app",
      "provider": "provider[\"registry.terraform.io/hashicorp/google\"]",
      "instances": [
        {
          "schema_version": 1,
          "attributes": {
            "allow": [
              {
                "ports": [
                  "5000"
                ],
                "protocol": "tcp"
              }
            ],
            "creation_timestamp": "2025-09-06T22:20:11.491-07:00",
            "deny": [],
            "description": "",
            "destination_ranges": [],
            "direction": "INGRESS",
            "disabled": false,
            "enable_logging": null,
            "id": "projects/cd47-proj/global/firewalls/autodeploy-allow-app-8307",
            "log_config": [],
            "name": "autodeploy-allow-app-8307",
            "network": "https://www.googleapis.com/compute/v1/projects/cd47-proj/global/networks/default",
            "params": [],
            "priority": 1000,
            "project": "cd47-proj",
            "self_link": "https://www.googleapis.com/compute/v1/projects/cd47-proj/global/firewalls/autodeploy-allow-app-8307",
            "source_ranges": [
              "0.0.0.0/0"
            ],
            "source_service_accounts": [],
            "source_tags": [],
            "target_service_accounts": [],
            "target_tags": [
              "http-server"
            ],
            "timeouts": null
          },
          "sensitive_attributes": [],
          "private": "eyJlMmJmYjczMC1lY2FhLTExZTYtOGY4OC0zNDM2M2JjN2M0YzAiOnsiY3JlYXRlIjoxMjAwMDAwMDAwMDAwLCJkZWxldGUiOjEyMDAwMDAwMDAwMDAsInVwZGF0ZSI6MTIwMDAwMDAwMDAwMH0sInNjaGVtYV92ZXJzaW9uIjoiMSJ9",
          "dependencies": [
            "random_id.suffix"
          ]
        }
      ]
    },
    {
      "mode": "managed",
      "type": "google_compute_firewall",
      "name": "http",
      "provider": "provider[\"registry.terraform.io/hashicorp/google\"]",
      "instances": [
        {
          "schema_version": 1,
          "attributes": {
            "allow": [
              {
                "ports": [
                  "80"
                ],
                "protocol": "tcp"
              }
            ],
            "creation_timestamp": "2025-09-06T22:20:11.524-07:00",
            "deny": [],
            "description": "",
            "destination_ranges": [],
            "direction": "INGRESS",
            "disabled": false,
            "enable_logging": null,
            "id": "projects/cd47-proj/global/firewalls/autodeploy-allow-http-8307",
            "log_config": [],
            "name": "autodeploy-allow-http-8307",
            "network": "https://www.googleapis.com/compute/v1/projects/cd47-proj/global/networks/default",
            "params": [],
            "priority": 1000,
            "project": "cd47-proj",
            "self_link": "https://www.googleapis.com/compute/v1/projects/cd47-proj/global/firewalls/autodeploy-allow-http-8307",
            "source_ranges": [
              "0.0.0.0/0"
            ],
            "source_service_accounts": [],
            "source_tags": [],
            "target_service_accounts": [],
            "target_tags": [
              "http-server"
            ],
            "timeouts": null
          },
          "sensitive_attributes": [],
          "private": "eyJlMmJmYjczMC1lY2FhLTExZTYtOGY4OC0zNDM2M2JjN2M0YzAiOnsiY3JlYXRlIjoxMjAwMDAwMDAwMDAwLCJkZWxldGUiOjEyMDAwMDAwMDAwMDAsInVwZGF0ZSI6MTIwMDAwMDAwMDAwMH0sInNjaGVtYV92ZXJzaW9uIjoiMSJ9",
          "dependencies": [
            "random_id.suffix"
          ]
        }
      ]
    },
    {
      "mode": "managed",
      "type": "google_compute_instance",
      "name": "app",
      "provider": "provider[\"registry.terraform.io/hashicorp/google\"]",
      "instances": [
        {
          "schema_version": 6,
          "attributes": {
            "advanced_machine_features": [],
            "allow_stopping_for_update": null,
            "attached_disk": [],
            "boot_disk": [
              {
                "auto_delete": true,
                "device_name": "persistent-disk-0",
                "disk_encryption_key_raw": "",
                "disk_encryption_key_rsa": "",
                "disk_encryption_key_sha256": "",
                "disk_encryption_service_account": "",
                "force_attach": false,
                "guest_os_features": [
                  "VIRTIO_SCSI_MULTIQUEUE",
                  "SEV_CAPABLE",
                  "SEV_SNP_CAPABLE",
                  "SEV_LIVE_MIGRATABLE",
                  "SEV_LIVE_MIGRATABLE_V2",
                  "IDPF",
                  "TDX_CAPABLE",
                  "UEFI_COMPATIBLE",
                  "GVNIC"
                ],
                "initialize_params": [
                  {
                    "architecture": "X86_64",
                    "enable_confidential_compute": false,
                    "image": "https://www.googleapis.com/compute/v1/projects/ubuntu-os-cloud/global/images/ubuntu-2204-jammy-v20250826",
                    "labels": {},
                    "provisioned_iops": 0,
                    "provisioned_throughput": 0,
                    "resource_manager_tags": null,
                    "resource_policies": [],
                    "size": 30,
                    "snapshot": "",
                    "source_image_encryption_key": [],
                    "source_snapshot_encryption_key": [],
                    "storage_pool": "",
                    "type": "pd-standard"
                  }
                ],
                "interface": "",
                "kms_key_self_link": "",
                "mode": "READ_WRITE",
                "source": "https://www.googleapis.com/compute/v1/projects/cd47-proj/zones/us-central1-a/disks/autodeploy-app-8307"
              }
            ],
            "can_ip_forward": false,
            "confidential_instance_config": [],
            "cpu_platform": "Intel Broadwell",
            "creation_timestamp": "2025-09-07T02:06:44.845-07:00",
            "current_status": "RUNNING",
            "deletion_protection": false,
            "description": "",
            "desired_status": null,
            "effective_labels": {
              "goog-terraform-provisioned": "true"
            },
            "enable_display": false,
            "guest_accelerator": [],
            "hostname": "",
            "id": "projects/cd47-proj/zones/us-central1-a/instances/autodeploy-app-8307",
            "instance_encryption_key": [],
            "instance_id": "643099483647833547",
            "key_revocation_action_type": "",
            "label_fingerprint": "vezUS-42LLM=",
            "labels": null,
            "machine_type": "e2-small",
            "metadata": null,
            "metadata_fingerprint": "XlSHkH5x9SQ=",
            "metadata_startup_script": "#!/bin/bash\nset -euxo pipefail\n\nmkdir -p /var/log/autodeploy\nexec \u003e \u003e(tee -a /var/log/autodeploy/startup.log) 2\u003e\u00261\n\n# Base tools\napt-get update -y\nDEBIAN_FRONTEND=noninteractive apt-get install -y docker.io git curl ca-certificates python3 python3-venv python3-pip\nsystemctl enable --now docker || true\n\nIMAGE=\"docker.io/cockckd/hello_world:latest\"\nPLATFORM=\"\"\nARCH_OK=0\nPULL_OK=0\n\n# Env file\ninstall -d -m 0755 /opt\ncat \u003e /opt/app.env \u003c\u003c'EOF'\nPORT=5000\nHOST=0.0.0.0\nEOF\n\n# Pull (multi-arch aware)\nif [ -n \"$IMAGE\" ]; then\n  if docker manifest inspect \"$IMAGE\" \u003e/dev/null 2\u003e\u00261 \u0026\u0026      docker manifest inspect \"$IMAGE\" | grep -q '\"architecture\": \"amd64\"'; then\n    ARCH_OK=1\n  fi\n  if [ \"$ARCH_OK\" -eq 1 ]; then\n    docker pull \"$IMAGE\" \u0026\u0026 PULL_OK=1 || true\n  else\n    docker run --privileged --rm tonistiigi/binfmt --install arm64 || true\n    PLATFORM=\"--platform linux/arm64\"\n    docker pull $PLATFORM \"$IMAGE\" \u0026\u0026 PULL_OK=1 || true\n  fi\nfi\n\n# Try to run pulled image with explicit shell command first\nif [ \"$PULL_OK\" -eq 1 ]; then\n  echo \"[info] Running pulled image with explicit start command\"\n  docker rm -f autodeploy-app || true\n  if docker run -d --name autodeploy-app $PLATFORM --env-file /opt/app.env -p 80:5000 -w /app        --entrypoint /bin/sh \"$IMAGE\" -lc 'cd app'; then\n    exit 0\n  fi\n  echo \"[warn] Explicit start failed; trying image default CMD/ENTRYPOINT\"\n  docker rm -f autodeploy-app || true\n  if docker run -d --name autodeploy-app $PLATFORM --env-file /opt/app.env -p 80:5000 \"$IMAGE\"; then\n    exit 0\n  fi\n  echo \"[warn] Pulled image failed to run; falling back to source.\"\nfi\n\n# Fallback: build/run from source\necho \"[info] Cloning and running from source\"\nrm -rf /opt/app-src\ngit clone --depth=1 \"https://github.com/Arvo-AI/hello_world\" /opt/app-src\n\nif [ -f /opt/app-src/Dockerfile ]; then\n  echo \"[info] Dockerfile present; building local image\"\n  docker build -t autodeploy-local:latest /opt/app-src\n  docker rm -f autodeploy-app || true\n  if docker run -d --name autodeploy-app --env-file /opt/app.env -p 80:5000 -w /app        --entrypoint /bin/sh autodeploy-local:latest -lc 'cd app'; then\n    exit 0\n  fi\n  echo \"[warn] Local image still failed; trying default CMD\"\n  docker rm -f autodeploy-app || true\n  docker run -d --name autodeploy-app --env-file /opt/app.env -p 80:5000 autodeploy-local:latest\n  exit 0\nfi\n\n# Native run (no Dockerfile)\necho \"[warn] No Dockerfile; running natively via systemd\"\nif echo \"python\" | grep -Eiq '^python'; then\n  cd /opt/app-src\n  python3 -m venv /opt/app-venv\n  . /opt/app-venv/bin/activate\n  [ -f requirements.txt ] \u0026\u0026 pip install -r requirements.txt || true\n  pip install gunicorn || true\n  cat \u003e/etc/systemd/system/autodeploy.service \u003c\u003cSERVICE\n[Unit]\nDescription=Autodeploy App (Python)\nAfter=network.target\n[Service]\nEnvironmentFile=/opt/app.env\nWorkingDirectory=/opt/app-src\nExecStart=/bin/bash -lc 'cd app'\nRestart=always\nUser=root\n[Install]\nWantedBy=multi-user.target\nSERVICE\n  systemctl daemon-reload\n  systemctl enable --now autodeploy.service\n  exit 0\nfi\n\nif echo \"python\" | grep -Eiq '^node'; then\n  curl -fsSL https://deb.nodesource.com/setup_18.x | bash -\n  DEBIAN_FRONTEND=noninteractive apt-get install -y nodejs\n  cd /opt/app-src\n  [ -f package.json ] \u0026\u0026 (npm ci || npm install)\n  cat \u003e/etc/systemd/system/autodeploy.service \u003c\u003cSERVICE\n[Unit]\nDescription=Autodeploy App (Node)\nAfter=network.target\n[Service]\nEnvironmentFile=/opt/app.env\nWorkingDirectory=/opt/app-src\nExecStart=/bin/bash -lc 'cd app'\nRestart=always\nUser=root\n[Install]\nWantedBy=multi-user.target\nSERVICE\n  systemctl daemon-reload\n  systemctl enable --now autodeploy.service\n  exit 0\nfi\n\necho \"[error] Unknown stack; manual start required.\"\nexit 1\n",
            "min_cpu_platform": "",
            "name": "autodeploy-app-8307",
            "network_interface": [
              {
                "access_config": [
                  {
                    "nat_ip": "104.197.156.78",
                    "network_tier": "PREMIUM",
                    "public_ptr_domain_name": ""
                  }
                ],
                "alias_ip_range": [],
                "internal_ipv6_prefix_length": 0,
                "ipv6_access_config": [],
                "ipv6_access_type": "",
                "ipv6_address": "",
                "name": "nic0",
                "network": "https://www.googleapis.com/compute/v1/projects/cd47-proj/global/networks/default",
                "network_attachment": "",
                "network_ip": "10.128.0.24",
                "nic_type": "",
                "queue_count": 0,
                "stack_type": "IPV4_ONLY",
                "subnetwork": "https://www.googleapis.com/compute/v1/projects/cd47-proj/regions/us-central1/subnetworks/default",
                "subnetwork_project": "cd47-proj"
              }
            ],
            "network_performance_config": [],
            "params": [],
            "project": "cd47-proj",
            "reservation_affinity": [],
            "resource_policies": null,
            "scheduling": [
              {
                "automatic_restart": true,
                "availability_domain": 0,
                "instance_termination_action": "",
                "local_ssd_recovery_timeout": [],
                "max_run_duration": [],
                "min_node_cpus": 0,
                "node_affinities": [],
                "on_host_maintenance": "MIGRATE",
                "on_instance_stop_action": [],
                "preemptible": false,
                "provisioning_model": "STANDARD",
                "termination_time": ""
              }
            ],
            "scratch_disk": [],
            "self_link": "https://www.googleapis.com/compute/v1/projects/cd47-proj/zones/us-central1-a/instances/autodeploy-app-8307",
            "service_account": [
              {
                "email": "686582775704-compute@developer.gserviceaccount.com",
                "scopes": [
                  "https://www.googleapis.com/auth/cloud-platform"
                ]
              }
            ],
            "shielded_instance_config": [
              {
                "enable_integrity_monitoring": true,
                "enable_secure_boot": false,
                "enable_vtpm": true
              }
            ],
            "tags": [
              "http-server"
            ],
            "tags_fingerprint": "FYLDgkTKlA4=",
            "terraform_labels": {
              "goog-terraform-provisioned": "true"
            },
            "timeouts": null,
            "zone": "us-central1-a"
          },
          "sensitive_attributes": [],
          "private": "eyJlMmJmYjczMC1lY2FhLTExZTYtOGY4OC0zNDM2M2JjN2M0YzAiOnsiY3JlYXRlIjoxMjAwMDAwMDAwMDAwLCJkZWxldGUiOjEyMDAwMDAwMDAwMDAsInVwZGF0ZSI6MTIwMDAwMDAwMDAwMH0sInNjaGVtYV92ZXJzaW9uIjoiNiJ9",
          "dependencies": [
            "google_compute_firewall.app",
            "google_compute_firewall.http",
            "random_id.suffix"
          ]
        }
      ]
    },
    {
      "mode": "managed",
      "type": "random_id",
      "name": "suffix",
      "provider": "provider[\"registry.terraform.io/hashicorp/random\"]",
      "instances": [
        {
          "schema_version": 0,
          "attributes": {
            "b64_std": "gwc=",
            "b64_url": "gwc",
            "byte_length": 2,
            "dec": "33543",
            "hex": "8307",
            "id": "gwc",
            "keepers": null,
            "prefix": null
          },
          "sensitive_attributes": []
        }
      ]
    }
  ],
  "check_results": null
}
