{
  "version": 4,
  "terraform_version": "1.5.7",
  "serial": 25,
  "lineage": "19739d70-7686-3f07-625d-07dc650542ef",
  "outputs": {
    "public_ip": {
      "value": "34.10.60.187",
      "type": "string"
    }
  },
  "resources": [
    {
      "mode": "data",
      "type": "google_compute_default_service_account",
      "name": "default",
      "provider": "provider[\"registry.terraform.io/hashicorp/google\"]",
      "instances": [
        {
          "schema_version": 0,
          "attributes": {
            "display_name": "Compute Engine default service account",
            "email": "686582775704-compute@developer.gserviceaccount.com",
            "id": "projects/cd47-proj/serviceAccounts/686582775704-compute@developer.gserviceaccount.com",
            "member": "serviceAccount:686582775704-compute@developer.gserviceaccount.com",
            "name": "projects/cd47-proj/serviceAccounts/686582775704-compute@developer.gserviceaccount.com",
            "project": "cd47-proj",
            "unique_id": "112959720554609427090"
          },
          "sensitive_attributes": []
        }
      ]
    },
    {
      "mode": "managed",
      "type": "google_compute_firewall",
      "name": "app",
      "provider": "provider[\"registry.terraform.io/hashicorp/google\"]",
      "instances": [
        {
          "schema_version": 1,
          "attributes": {
            "allow": [
              {
                "ports": [
                  "5000"
                ],
                "protocol": "tcp"
              }
            ],
            "creation_timestamp": "2025-09-06T22:20:11.491-07:00",
            "deny": [],
            "description": "",
            "destination_ranges": [],
            "direction": "INGRESS",
            "disabled": false,
            "enable_logging": null,
            "id": "projects/cd47-proj/global/firewalls/autodeploy-allow-app-8307",
            "log_config": [],
            "name": "autodeploy-allow-app-8307",
            "network": "https://www.googleapis.com/compute/v1/projects/cd47-proj/global/networks/default",
            "params": [],
            "priority": 1000,
            "project": "cd47-proj",
            "self_link": "https://www.googleapis.com/compute/v1/projects/cd47-proj/global/firewalls/autodeploy-allow-app-8307",
            "source_ranges": [
              "0.0.0.0/0"
            ],
            "source_service_accounts": [],
            "source_tags": [],
            "target_service_accounts": [],
            "target_tags": [
              "http-server"
            ],
            "timeouts": null
          },
          "sensitive_attributes": [],
          "private": "eyJlMmJmYjczMC1lY2FhLTExZTYtOGY4OC0zNDM2M2JjN2M0YzAiOnsiY3JlYXRlIjoxMjAwMDAwMDAwMDAwLCJkZWxldGUiOjEyMDAwMDAwMDAwMDAsInVwZGF0ZSI6MTIwMDAwMDAwMDAwMH0sInNjaGVtYV92ZXJzaW9uIjoiMSJ9",
          "dependencies": [
            "random_id.suffix"
          ]
        }
      ]
    },
    {
      "mode": "managed",
      "type": "google_compute_firewall",
      "name": "http",
      "provider": "provider[\"registry.terraform.io/hashicorp/google\"]",
      "instances": [
        {
          "schema_version": 1,
          "attributes": {
            "allow": [
              {
                "ports": [
                  "80"
                ],
                "protocol": "tcp"
              }
            ],
            "creation_timestamp": "2025-09-06T22:20:11.524-07:00",
            "deny": [],
            "description": "",
            "destination_ranges": [],
            "direction": "INGRESS",
            "disabled": false,
            "enable_logging": null,
            "id": "projects/cd47-proj/global/firewalls/autodeploy-allow-http-8307",
            "log_config": [],
            "name": "autodeploy-allow-http-8307",
            "network": "https://www.googleapis.com/compute/v1/projects/cd47-proj/global/networks/default",
            "params": [],
            "priority": 1000,
            "project": "cd47-proj",
            "self_link": "https://www.googleapis.com/compute/v1/projects/cd47-proj/global/firewalls/autodeploy-allow-http-8307",
            "source_ranges": [
              "0.0.0.0/0"
            ],
            "source_service_accounts": [],
            "source_tags": [],
            "target_service_accounts": [],
            "target_tags": [
              "http-server"
            ],
            "timeouts": null
          },
          "sensitive_attributes": [],
          "private": "eyJlMmJmYjczMC1lY2FhLTExZTYtOGY4OC0zNDM2M2JjN2M0YzAiOnsiY3JlYXRlIjoxMjAwMDAwMDAwMDAwLCJkZWxldGUiOjEyMDAwMDAwMDAwMDAsInVwZGF0ZSI6MTIwMDAwMDAwMDAwMH0sInNjaGVtYV92ZXJzaW9uIjoiMSJ9",
          "dependencies": [
            "random_id.suffix"
          ]
        }
      ]
    },
    {
      "mode": "managed",
      "type": "google_compute_instance",
      "name": "app",
      "provider": "provider[\"registry.terraform.io/hashicorp/google\"]",
      "instances": [
        {
          "schema_version": 6,
          "attributes": {
            "advanced_machine_features": [],
            "allow_stopping_for_update": null,
            "attached_disk": [],
            "boot_disk": [
              {
                "auto_delete": true,
                "device_name": "persistent-disk-0",
                "disk_encryption_key_raw": "",
                "disk_encryption_key_rsa": "",
                "disk_encryption_key_sha256": "",
                "disk_encryption_service_account": "",
                "force_attach": false,
                "guest_os_features": [
                  "VIRTIO_SCSI_MULTIQUEUE",
                  "SEV_CAPABLE",
                  "SEV_SNP_CAPABLE",
                  "SEV_LIVE_MIGRATABLE",
                  "SEV_LIVE_MIGRATABLE_V2",
                  "IDPF",
                  "TDX_CAPABLE",
                  "UEFI_COMPATIBLE",
                  "GVNIC"
                ],
                "initialize_params": [
                  {
                    "architecture": "X86_64",
                    "enable_confidential_compute": false,
                    "image": "https://www.googleapis.com/compute/v1/projects/ubuntu-os-cloud/global/images/ubuntu-2204-jammy-v20250826",
                    "labels": {},
                    "provisioned_iops": 0,
                    "provisioned_throughput": 0,
                    "resource_manager_tags": null,
                    "resource_policies": [],
                    "size": 30,
                    "snapshot": "",
                    "source_image_encryption_key": [],
                    "source_snapshot_encryption_key": [],
                    "storage_pool": "",
                    "type": "pd-standard"
                  }
                ],
                "interface": "",
                "kms_key_self_link": "",
                "mode": "READ_WRITE",
                "source": "https://www.googleapis.com/compute/v1/projects/cd47-proj/zones/us-central1-a/disks/autodeploy-app-8307"
              }
            ],
            "can_ip_forward": false,
            "confidential_instance_config": [],
            "cpu_platform": "Intel Broadwell",
            "creation_timestamp": "2025-09-07T00:33:17.529-07:00",
            "current_status": "RUNNING",
            "deletion_protection": false,
            "description": "",
            "desired_status": null,
            "effective_labels": {
              "goog-terraform-provisioned": "true"
            },
            "enable_display": false,
            "guest_accelerator": [],
            "hostname": "",
            "id": "projects/cd47-proj/zones/us-central1-a/instances/autodeploy-app-8307",
            "instance_encryption_key": [],
            "instance_id": "4836132169033223122",
            "key_revocation_action_type": "",
            "label_fingerprint": "vezUS-42LLM=",
            "labels": null,
            "machine_type": "e2-small",
            "metadata": null,
            "metadata_fingerprint": "lHff9-b7mZg=",
            "metadata_startup_script": "#!/bin/bash\nset -euxo pipefail\n\nmkdir -p /var/log/autodeploy\nexec \u003e \u003e(tee -a /var/log/autodeploy/startup.log) 2\u003e\u00261\n\n# Install Docker\nif ! command -v docker \u003e/dev/null 2\u003e\u00261; then\n  apt-get update -y\n  apt-get install -y docker.io\nfi\nsystemctl enable --now docker || true\n\n# Pull the pre-built image\ndocker pull None\n\n# Create a simple .env file on the VM\ncat \u003e /opt/app.env \u003c\u003c'EOF'\nPORT=5000\nHOST=0.0.0.0\nEOF\n\n# Run the container\ndocker rm -f autodeploy-app || true\ndocker run -d --name autodeploy-app --env-file /opt/app.env -p 5000:5000 None\n\n# Forward port 80 to the application port\nif command -v iptables \u003e/dev/null 2\u003e\u00261; then\n  iptables -t nat -A PREROUTING -p tcp --dport 80 -j REDIRECT --to-ports 5000\n  iptables -t nat -A OUTPUT -p tcp --dport 80 -j REDIRECT --to-ports 5000\nelse\n  echo \"[warn] iptables not present; port 80 will not forward to 5000.\"\nfi\n",
            "min_cpu_platform": "",
            "name": "autodeploy-app-8307",
            "network_interface": [
              {
                "access_config": [
                  {
                    "nat_ip": "34.10.60.187",
                    "network_tier": "PREMIUM",
                    "public_ptr_domain_name": ""
                  }
                ],
                "alias_ip_range": [],
                "internal_ipv6_prefix_length": 0,
                "ipv6_access_config": [],
                "ipv6_access_type": "",
                "ipv6_address": "",
                "name": "nic0",
                "network": "https://www.googleapis.com/compute/v1/projects/cd47-proj/global/networks/default",
                "network_attachment": "",
                "network_ip": "10.128.0.19",
                "nic_type": "",
                "queue_count": 0,
                "stack_type": "IPV4_ONLY",
                "subnetwork": "https://www.googleapis.com/compute/v1/projects/cd47-proj/regions/us-central1/subnetworks/default",
                "subnetwork_project": "cd47-proj"
              }
            ],
            "network_performance_config": [],
            "params": [],
            "project": "cd47-proj",
            "reservation_affinity": [],
            "resource_policies": null,
            "scheduling": [
              {
                "automatic_restart": true,
                "availability_domain": 0,
                "instance_termination_action": "",
                "local_ssd_recovery_timeout": [],
                "max_run_duration": [],
                "min_node_cpus": 0,
                "node_affinities": [],
                "on_host_maintenance": "MIGRATE",
                "on_instance_stop_action": [],
                "preemptible": false,
                "provisioning_model": "STANDARD",
                "termination_time": ""
              }
            ],
            "scratch_disk": [],
            "self_link": "https://www.googleapis.com/compute/v1/projects/cd47-proj/zones/us-central1-a/instances/autodeploy-app-8307",
            "service_account": [
              {
                "email": "686582775704-compute@developer.gserviceaccount.com",
                "scopes": [
                  "https://www.googleapis.com/auth/cloud-platform"
                ]
              }
            ],
            "shielded_instance_config": [
              {
                "enable_integrity_monitoring": true,
                "enable_secure_boot": false,
                "enable_vtpm": true
              }
            ],
            "tags": [
              "http-server"
            ],
            "tags_fingerprint": "FYLDgkTKlA4=",
            "terraform_labels": {
              "goog-terraform-provisioned": "true"
            },
            "timeouts": null,
            "zone": "us-central1-a"
          },
          "sensitive_attributes": [],
          "private": "eyJlMmJmYjczMC1lY2FhLTExZTYtOGY4OC0zNDM2M2JjN2M0YzAiOnsiY3JlYXRlIjoxMjAwMDAwMDAwMDAwLCJkZWxldGUiOjEyMDAwMDAwMDAwMDAsInVwZGF0ZSI6MTIwMDAwMDAwMDAwMH0sInNjaGVtYV92ZXJzaW9uIjoiNiJ9",
          "dependencies": [
            "google_compute_firewall.app",
            "google_compute_firewall.http",
            "google_project_iam_member.gcr_reader",
            "random_id.suffix"
          ]
        }
      ]
    },
    {
      "mode": "managed",
      "type": "google_project_iam_member",
      "name": "gcr_reader",
      "provider": "provider[\"registry.terraform.io/hashicorp/google\"]",
      "instances": [
        {
          "schema_version": 0,
          "attributes": {
            "condition": [],
            "etag": "BwY+MNRGpsw=",
            "id": "cd47-proj/roles/artifactregistry.reader/serviceAccount:686582775704-compute@developer.gserviceaccount.com",
            "member": "serviceAccount:686582775704-compute@developer.gserviceaccount.com",
            "project": "cd47-proj",
            "role": "roles/artifactregistry.reader"
          },
          "sensitive_attributes": [],
          "private": "bnVsbA==",
          "dependencies": [
            "data.google_compute_default_service_account.default"
          ]
        }
      ]
    },
    {
      "mode": "managed",
      "type": "random_id",
      "name": "suffix",
      "provider": "provider[\"registry.terraform.io/hashicorp/random\"]",
      "instances": [
        {
          "schema_version": 0,
          "attributes": {
            "b64_std": "gwc=",
            "b64_url": "gwc",
            "byte_length": 2,
            "dec": "33543",
            "hex": "8307",
            "id": "gwc",
            "keepers": null,
            "prefix": null
          },
          "sensitive_attributes": []
        }
      ]
    }
  ],
  "check_results": null
}
